
Microsoft Visual Studio Solution File, Format Version 12.00
# Visual Studio Version 17
VisualStudioVersion = 17.8.34004.107
MinimumVisualStudioVersion = 10.0.40219.1
Project("{FAE04EC0-301F-11D3-BF4B-00C04F79EFBC}") = "Module03Practice", "Module03Practice\Module03Practice.csproj", "{7B9C288E-CFB2-4F21-8D83-DD34D0486096}"
EndProject
Global
	GlobalSection(SolutionConfigurationPlatforms) = preSolution
		Debug|Any CPU = Debug|Any CPU
		Release|Any CPU = Release|Any CPU
	EndGlobalSection
	GlobalSection(ProjectConfigurationPlatforms) = postSolution
		{7B9C288E-CFB2-4F21-8D83-DD34D0486096}.Debug|Any CPU.ActiveCfg = Debug|Any CPU
		{7B9C288E-CFB2-4F21-8D83-DD34D0486096}.Debug|Any CPU.Build.0 = Debug|Any CPU
		{7B9C288E-CFB2-4F21-8D83-DD34D0486096}.Release|Any CPU.ActiveCfg = Release|Any CPU
		{7B9C288E-CFB2-4F21-8D83-DD34D0486096}.Release|Any CPU.Build.0 = Release|Any CPU
	EndGlobalSection
	GlobalSection(SolutionProperties) = preSolution
		HideSolutionNode = FALSE
	EndGlobalSection
	GlobalSection(ExtensibilityGlobals) = postSolution
		SolutionGuid = {1F2ACE8B-0B00-4980-B007-C254BA998901}
	EndGlobalSection
EndGlobal
